
Microsoft Visual Studio Solution File, Format Version 12.00
# Visual Studio Version 17
VisualStudioVersion = 17.8.34525.116
MinimumVisualStudioVersion = 10.0.40219.1
Project("{FAE04EC0-301F-11D3-BF4B-00C04F79EFBC}") = "ConsoleAppViagem", "ConsoleAppViagem.csproj", "{A08D0AA7-35F8-4992-976B-17EB8925B6B9}"
EndProject
Global
	GlobalSection(SolutionConfigurationPlatforms) = preSolution
		Debug|Any CPU = Debug|Any CPU
		Release|Any CPU = Release|Any CPU
	EndGlobalSection
	GlobalSection(ProjectConfigurationPlatforms) = postSolution
		{A08D0AA7-35F8-4992-976B-17EB8925B6B9}.Debug|Any CPU.ActiveCfg = Debug|Any CPU
		{A08D0AA7-35F8-4992-976B-17EB8925B6B9}.Debug|Any CPU.Build.0 = Debug|Any CPU
		{A08D0AA7-35F8-4992-976B-17EB8925B6B9}.Release|Any CPU.ActiveCfg = Release|Any CPU
		{A08D0AA7-35F8-4992-976B-17EB8925B6B9}.Release|Any CPU.Build.0 = Release|Any CPU
	EndGlobalSection
	GlobalSection(SolutionProperties) = preSolution
		HideSolutionNode = FALSE
	EndGlobalSection
	GlobalSection(ExtensibilityGlobals) = postSolution
		SolutionGuid = {CB131A9F-1E9F-4AF2-BBBE-05E436E112A0}
	EndGlobalSection
EndGlobal
